
Microsoft Visual Studio Solution File, Format Version 12.00
# Visual Studio Version 17
VisualStudioVersion = 17.1.32228.430
MinimumVisualStudioVersion = 10.0.40219.1
Project("{FAE04EC0-301F-11D3-BF4B-00C04F79EFBC}") = "DataStructureAndAlgo", "DataStructureAndAlgo\DataStructureAndAlgo.csproj", "{758F983A-0DB7-49B8-BD32-4D177BC5EF03}"
EndProject
Project("{FAE04EC0-301F-11D3-BF4B-00C04F79EFBC}") = "MaxSum", "MaxSum\MaxSum.csproj", "{54ED7AB5-5C98-403B-BEDF-ED87C1C4420D}"
EndProject
Project("{FAE04EC0-301F-11D3-BF4B-00C04F79EFBC}") = "Backtracking", "Backtracking\Backtracking.csproj", "{A72F9AE5-6C75-48F0-B6BD-2EC79B446359}"
EndProject
Global
	GlobalSection(SolutionConfigurationPlatforms) = preSolution
		Debug|Any CPU = Debug|Any CPU
		Release|Any CPU = Release|Any CPU
	EndGlobalSection
	GlobalSection(ProjectConfigurationPlatforms) = postSolution
		{758F983A-0DB7-49B8-BD32-4D177BC5EF03}.Debug|Any CPU.ActiveCfg = Debug|Any CPU
		{758F983A-0DB7-49B8-BD32-4D177BC5EF03}.Debug|Any CPU.Build.0 = Debug|Any CPU
		{758F983A-0DB7-49B8-BD32-4D177BC5EF03}.Release|Any CPU.ActiveCfg = Release|Any CPU
		{758F983A-0DB7-49B8-BD32-4D177BC5EF03}.Release|Any CPU.Build.0 = Release|Any CPU
		{54ED7AB5-5C98-403B-BEDF-ED87C1C4420D}.Debug|Any CPU.ActiveCfg = Debug|Any CPU
		{54ED7AB5-5C98-403B-BEDF-ED87C1C4420D}.Debug|Any CPU.Build.0 = Debug|Any CPU
		{54ED7AB5-5C98-403B-BEDF-ED87C1C4420D}.Release|Any CPU.ActiveCfg = Release|Any CPU
		{54ED7AB5-5C98-403B-BEDF-ED87C1C4420D}.Release|Any CPU.Build.0 = Release|Any CPU
		{A72F9AE5-6C75-48F0-B6BD-2EC79B446359}.Debug|Any CPU.ActiveCfg = Debug|Any CPU
		{A72F9AE5-6C75-48F0-B6BD-2EC79B446359}.Debug|Any CPU.Build.0 = Debug|Any CPU
		{A72F9AE5-6C75-48F0-B6BD-2EC79B446359}.Release|Any CPU.ActiveCfg = Release|Any CPU
		{A72F9AE5-6C75-48F0-B6BD-2EC79B446359}.Release|Any CPU.Build.0 = Release|Any CPU
	EndGlobalSection
	GlobalSection(SolutionProperties) = preSolution
		HideSolutionNode = FALSE
	EndGlobalSection
	GlobalSection(ExtensibilityGlobals) = postSolution
		SolutionGuid = {0CED39FF-A42B-49F7-869E-4EFE6373754F}
	EndGlobalSection
EndGlobal
